# This file is generated by running "yarn install" inside your project.
# Manual changes might be lost - proceed with caution!

__metadata:
  version: 4
  cacheKey: 5

"axios@npm:^0.19.2":
  version: 0.19.2
  resolution: "axios@npm:0.19.2"
  dependencies:
    follow-redirects: 1.5.10
  checksum: bad346deea24050f9953ce09bb8015f85a99a7b8f016806adccfab0b8981827d1fbee9c77c0ef7c70cc48392c1af6bbc65e07c3e88221d17282d2d5fd0a191f6
  languageName: node
  linkType: hard

"commander@npm:^6.0.0":
  version: 6.0.0
  resolution: "commander@npm:6.0.0"
  checksum: c7dad02c772d6c6eb76f0642756408df98c730a17c764f5329700638045abd9633038251277ce7d6a077a96d89e6261ee268a4249a3bc4edd607ca8a0126642f
  languageName: node
  linkType: hard

"debug@npm:=3.1.0":
  version: 3.1.0
  resolution: "debug@npm:3.1.0"
  dependencies:
    ms: 2.0.0
  checksum: 1295acd5e0531761255661d325cd0a80ac8c5f6de8942a53bb23c2197ccb97526972de662ed0e5d9393be83f3428a298a6e7185ecb02f0da6282019cd2ffb4a8
  languageName: node
  linkType: hard

"fast-xml-parser@npm:^3.17.4":
  version: 3.17.4
  resolution: "fast-xml-parser@npm:3.17.4"
  bin:
    xml2js: ./cli.js
  checksum: 382a4b84044f1f17c8dc94fdbceae38debc88b4700a2f782f44b779651fbaccdabf12edf981bb8381737a72d0796b5678616ce9fa190441535ef8ade106d415c
  languageName: node
  linkType: hard

"follow-redirects@npm:1.5.10":
  version: 1.5.10
  resolution: "follow-redirects@npm:1.5.10"
  dependencies:
    debug: =3.1.0
  checksum: 6e58e02c31337b6b41ffc3d5f3d49920b7db428eddcf374537da00ef121fe473983e12d8557f4304287604168d3efcc288d1f009abaf4c9d61e5db0c0cee3c4a
  languageName: node
  linkType: hard

"jackett-sync@workspace:.":
  version: 0.0.0-use.local
  resolution: "jackett-sync@workspace:."
  dependencies:
    axios: ^0.19.2
    commander: ^6.0.0
    fast-xml-parser: ^3.17.4
  bin:
    jackett-sync: ./index.js
  languageName: unknown
  linkType: soft

"ms@npm:2.0.0":
  version: 2.0.0
  resolution: "ms@npm:2.0.0"
  checksum: 1a230340cc7f322fbe916783d8c8d60455407c6b7fb7f901d6ee34eb272402302c5c7f070a97b8531245cbb4ca6a0a623f6a128d7e5a5440cefa2c669c0b35bb
  languageName: node
  linkType: hard
